
Microsoft Visual Studio Solution File, Format Version 12.00
# Visual Studio Version 17
VisualStudioVersion = 17.4.33213.308
MinimumVisualStudioVersion = 10.0.40219.1
Project("{2150E333-8FDC-42A3-9474-1A3956D46DE8}") = "Presentation", "Presentation", "{F7D36FAC-E3D6-4A1F-B2B2-A8CC1B0999EA}"
EndProject
Project("{2150E333-8FDC-42A3-9474-1A3956D46DE8}") = "Domain", "Domain", "{98F4D3AA-7CA2-4ECA-A79A-DD73D7FE75BB}"
EndProject
Project("{FAE04EC0-301F-11D3-BF4B-00C04F79EFBC}") = "Domain", "Domain\Domain.csproj", "{CBC8D911-D456-46BF-9DD3-8D454F6F2B4D}"
EndProject
Project("{FAE04EC0-301F-11D3-BF4B-00C04F79EFBC}") = "Presentation", "Presentation\Presentation.csproj", "{1072BA68-FAD0-4C91-AC08-82460E5AB043}"
	ProjectSection(ProjectDependencies) = postProject
		{CBC8D911-D456-46BF-9DD3-8D454F6F2B4D} = {CBC8D911-D456-46BF-9DD3-8D454F6F2B4D}
	EndProjectSection
EndProject
Global
	GlobalSection(SolutionConfigurationPlatforms) = preSolution
		Debug|Any CPU = Debug|Any CPU
		Release|Any CPU = Release|Any CPU
	EndGlobalSection
	GlobalSection(ProjectConfigurationPlatforms) = postSolution
		{CBC8D911-D456-46BF-9DD3-8D454F6F2B4D}.Debug|Any CPU.ActiveCfg = Debug|Any CPU
		{CBC8D911-D456-46BF-9DD3-8D454F6F2B4D}.Debug|Any CPU.Build.0 = Debug|Any CPU
		{CBC8D911-D456-46BF-9DD3-8D454F6F2B4D}.Release|Any CPU.ActiveCfg = Release|Any CPU
		{CBC8D911-D456-46BF-9DD3-8D454F6F2B4D}.Release|Any CPU.Build.0 = Release|Any CPU
		{1072BA68-FAD0-4C91-AC08-82460E5AB043}.Debug|Any CPU.ActiveCfg = Debug|Any CPU
		{1072BA68-FAD0-4C91-AC08-82460E5AB043}.Debug|Any CPU.Build.0 = Debug|Any CPU
		{1072BA68-FAD0-4C91-AC08-82460E5AB043}.Release|Any CPU.ActiveCfg = Release|Any CPU
		{1072BA68-FAD0-4C91-AC08-82460E5AB043}.Release|Any CPU.Build.0 = Release|Any CPU
	EndGlobalSection
	GlobalSection(SolutionProperties) = preSolution
		HideSolutionNode = FALSE
	EndGlobalSection
	GlobalSection(NestedProjects) = preSolution
		{CBC8D911-D456-46BF-9DD3-8D454F6F2B4D} = {98F4D3AA-7CA2-4ECA-A79A-DD73D7FE75BB}
		{1072BA68-FAD0-4C91-AC08-82460E5AB043} = {F7D36FAC-E3D6-4A1F-B2B2-A8CC1B0999EA}
	EndGlobalSection
	GlobalSection(ExtensibilityGlobals) = postSolution
		SolutionGuid = {7D7134A8-29B1-48F3-8F77-1A49709F927B}
	EndGlobalSection
EndGlobal
